
Microsoft Visual Studio Solution File, Format Version 12.00
# Visual Studio 2017
Project("{FAE04EC0-301F-11D3-BF4B-00C04F79EFBC}") = "Solitude Ship", "Solitude Ship.csproj", "{FF9F68BA-0D97-CDFE-1DA4-AB597CCB71DF}"
EndProject
Global
	GlobalSection(SolutionConfigurationPlatforms) = preSolution
		Debug|Any CPU = Debug|Any CPU
		Release|Any CPU = Release|Any CPU
	EndGlobalSection
	GlobalSection(ProjectConfigurationPlatforms) = postSolution
		{FF9F68BA-0D97-CDFE-1DA4-AB597CCB71DF}.Debug|Any CPU.ActiveCfg = Debug|Any CPU
		{FF9F68BA-0D97-CDFE-1DA4-AB597CCB71DF}.Debug|Any CPU.Build.0 = Debug|Any CPU
		{FF9F68BA-0D97-CDFE-1DA4-AB597CCB71DF}.Release|Any CPU.ActiveCfg = Release|Any CPU
		{FF9F68BA-0D97-CDFE-1DA4-AB597CCB71DF}.Release|Any CPU.Build.0 = Release|Any CPU
	EndGlobalSection
	GlobalSection(SolutionProperties) = preSolution
		HideSolutionNode = FALSE
	EndGlobalSection
EndGlobal
